
Microsoft Visual Studio Solution File, Format Version 12.00
# Visual Studio 2013
VisualStudioVersion = 12.0.21005.1
MinimumVisualStudioVersion = 10.0.40219.1
Project("{FAE04EC0-301F-11D3-BF4B-00C04F79EFBC}") = "Sitecore.SharedSource.CustomFields", "Sitecore.SharedSource.CustomFields.csproj", "{3C77D8DA-B0D8-45EC-B920-2F9A0A975A53}"
EndProject
Global
	GlobalSection(SolutionConfigurationPlatforms) = preSolution
		Debug|Any CPU = Debug|Any CPU
		Release|Any CPU = Release|Any CPU
	EndGlobalSection
	GlobalSection(ProjectConfigurationPlatforms) = postSolution
		{3C77D8DA-B0D8-45EC-B920-2F9A0A975A53}.Debug|Any CPU.ActiveCfg = Debug|Any CPU
		{3C77D8DA-B0D8-45EC-B920-2F9A0A975A53}.Debug|Any CPU.Build.0 = Debug|Any CPU
		{3C77D8DA-B0D8-45EC-B920-2F9A0A975A53}.Release|Any CPU.ActiveCfg = Release|Any CPU
		{3C77D8DA-B0D8-45EC-B920-2F9A0A975A53}.Release|Any CPU.Build.0 = Release|Any CPU
	EndGlobalSection
	GlobalSection(SolutionProperties) = preSolution
		HideSolutionNode = FALSE
	EndGlobalSection
EndGlobal
